// !$*UTF8*$!
{
	archiveVersion = 1;
	classes = {
	};
	objectVersion = 46;
	objects = {

/* Begin PBXBuildFile section */
		212ECFC51D924C0C00DE702D /* AppDelegate.swift in Sources */ = {isa = PBXBuildFile; fileRef = 212ECFC41D924C0C00DE702D /* AppDelegate.swift */; };
		212ECFCA1D924C0C00DE702D /* Main.storyboard in Resources */ = {isa = PBXBuildFile; fileRef = 212ECFC81D924C0C00DE702D /* Main.storyboard */; };
		212ECFCF1D924C0C00DE702D /* Assets.xcassets in Resources */ = {isa = PBXBuildFile; fileRef = 212ECFCE1D924C0C00DE702D /* Assets.xcassets */; };
		212ECFD21D924C0C00DE702D /* LaunchScreen.storyboard in Resources */ = {isa = PBXBuildFile; fileRef = 212ECFD01D924C0C00DE702D /* LaunchScreen.storyboard */; };
		212ECFDD1D924C0C00DE702D /* Connect_iPhoneTests.swift in Sources */ = {isa = PBXBuildFile; fileRef = 212ECFDC1D924C0C00DE702D /* Connect_iPhoneTests.swift */; };
		214BE5271DE6CAFB00439726 /* SmartSignLabel.swift in Sources */ = {isa = PBXBuildFile; fileRef = 214BE5261DE6CAFB00439726 /* SmartSignLabel.swift */; };
		214BE5291DE7C79300439726 /* SmartSignMenuItem.swift in Sources */ = {isa = PBXBuildFile; fileRef = 214BE5281DE7C79300439726 /* SmartSignMenuItem.swift */; };
		214BE5371DEA412500439726 /* SmartSignViewController.swift in Sources */ = {isa = PBXBuildFile; fileRef = 214BE5361DEA412500439726 /* SmartSignViewController.swift */; };
		214BE5391DEA45D500439726 /* SmartSignTableViewCell.swift in Sources */ = {isa = PBXBuildFile; fileRef = 214BE5381DEA45D500439726 /* SmartSignTableViewCell.swift */; };
		2158B3631DD69323002D2210 /* SmartSign.swift in Sources */ = {isa = PBXBuildFile; fileRef = 2158B3621DD69323002D2210 /* SmartSign.swift */; };
		2158B3E01DDED171002D2210 /* ConversationTableViewCell.swift in Sources */ = {isa = PBXBuildFile; fileRef = 2158B3DF1DDED171002D2210 /* ConversationTableViewCell.swift */; };
		2158B3E21DDEFAD4002D2210 /* Message.swift in Sources */ = {isa = PBXBuildFile; fileRef = 2158B3E11DDEFAD4002D2210 /* Message.swift */; };
		217EB5CB1DD11E200021DE52 /* Phrase.swift in Sources */ = {isa = PBXBuildFile; fileRef = 217EB5CA1DD11E200021DE52 /* Phrase.swift */; };
		2182552A1DC70080006C64B9 /* Connect-iPhone.xcdatamodeld in Sources */ = {isa = PBXBuildFile; fileRef = 218255281DC70080006C64B9 /* Connect-iPhone.xcdatamodeld */; };
		21B899E71D99BAAC002545FD /* HomeViewController.swift in Sources */ = {isa = PBXBuildFile; fileRef = 21B899E61D99BAAC002545FD /* HomeViewController.swift */; };
		8670C7C69E7397438D15144C /* Pods_Connect_iPhone.framework in Frameworks */ = {isa = PBXBuildFile; fileRef = 9EE52289396578C35656C897 /* Pods_Connect_iPhone.framework */; };
		AE5A956B583AB7A63A348938 /* Pods_Connect_iPhoneTests.framework in Frameworks */ = {isa = PBXBuildFile; fileRef = 77FEC80296AF8BE3997DC956 /* Pods_Connect_iPhoneTests.framework */; };
/* End PBXBuildFile section */

/* Begin PBXContainerItemProxy section */
		212ECFD91D924C0C00DE702D /* PBXContainerItemProxy */ = {
			isa = PBXContainerItemProxy;
			containerPortal = 212ECFB91D924C0C00DE702D /* Project object */;
			proxyType = 1;
			remoteGlobalIDString = 212ECFC01D924C0C00DE702D;
			remoteInfo = "Connect-iPhone";
		};
/* End PBXContainerItemProxy section */

/* Begin PBXFileReference section */
		212ECFC11D924C0C00DE702D /* Connect-iPhone.app */ = {isa = PBXFileReference; explicitFileType = wrapper.application; includeInIndex = 0; path = "Connect-iPhone.app"; sourceTree = BUILT_PRODUCTS_DIR; };
		212ECFC41D924C0C00DE702D /* AppDelegate.swift */ = {isa = PBXFileReference; lastKnownFileType = sourcecode.swift; path = AppDelegate.swift; sourceTree = "<group>"; };
		212ECFC91D924C0C00DE702D /* Base */ = {isa = PBXFileReference; lastKnownFileType = file.storyboard; name = Base; path = Base.lproj/Main.storyboard; sourceTree = "<group>"; };
		212ECFCE1D924C0C00DE702D /* Assets.xcassets */ = {isa = PBXFileReference; lastKnownFileType = folder.assetcatalog; path = Assets.xcassets; sourceTree = "<group>"; };
		212ECFD11D924C0C00DE702D /* Base */ = {isa = PBXFileReference; lastKnownFileType = file.storyboard; name = Base; path = Base.lproj/LaunchScreen.storyboard; sourceTree = "<group>"; };
		212ECFD31D924C0C00DE702D /* Info.plist */ = {isa = PBXFileReference; lastKnownFileType = text.plist.xml; path = Info.plist; sourceTree = "<group>"; };
		212ECFD81D924C0C00DE702D /* Connect-iPhoneTests.xctest */ = {isa = PBXFileReference; explicitFileType = wrapper.cfbundle; includeInIndex = 0; path = "Connect-iPhoneTests.xctest"; sourceTree = BUILT_PRODUCTS_DIR; };
		212ECFDC1D924C0C00DE702D /* Connect_iPhoneTests.swift */ = {isa = PBXFileReference; lastKnownFileType = sourcecode.swift; path = Connect_iPhoneTests.swift; sourceTree = "<group>"; };
		212ECFDE1D924C0C00DE702D /* Info.plist */ = {isa = PBXFileReference; lastKnownFileType = text.plist.xml; path = Info.plist; sourceTree = "<group>"; };
		214BE5261DE6CAFB00439726 /* SmartSignLabel.swift */ = {isa = PBXFileReference; fileEncoding = 4; lastKnownFileType = sourcecode.swift; path = SmartSignLabel.swift; sourceTree = "<group>"; };
		214BE5281DE7C79300439726 /* SmartSignMenuItem.swift */ = {isa = PBXFileReference; fileEncoding = 4; lastKnownFileType = sourcecode.swift; path = SmartSignMenuItem.swift; sourceTree = "<group>"; };
		214BE5361DEA412500439726 /* SmartSignViewController.swift */ = {isa = PBXFileReference; fileEncoding = 4; lastKnownFileType = sourcecode.swift; path = SmartSignViewController.swift; sourceTree = "<group>"; };
		214BE5381DEA45D500439726 /* SmartSignTableViewCell.swift */ = {isa = PBXFileReference; fileEncoding = 4; lastKnownFileType = sourcecode.swift; path = SmartSignTableViewCell.swift; sourceTree = "<group>"; };
		2158B3621DD69323002D2210 /* SmartSign.swift */ = {isa = PBXFileReference; fileEncoding = 4; lastKnownFileType = sourcecode.swift; name = SmartSign.swift; path = ../SmartSign.swift; sourceTree = "<group>"; };
		2158B3DF1DDED171002D2210 /* ConversationTableViewCell.swift */ = {isa = PBXFileReference; fileEncoding = 4; lastKnownFileType = sourcecode.swift; path = ConversationTableViewCell.swift; sourceTree = "<group>"; };
		2158B3E11DDEFAD4002D2210 /* Message.swift */ = {isa = PBXFileReference; fileEncoding = 4; lastKnownFileType = sourcecode.swift; path = Message.swift; sourceTree = "<group>"; };
		217EB5CA1DD11E200021DE52 /* Phrase.swift */ = {isa = PBXFileReference; fileEncoding = 4; lastKnownFileType = sourcecode.swift; path = Phrase.swift; sourceTree = "<group>"; };
		218255291DC70080006C64B9 /* Connect-iPhone.xcdatamodel */ = {isa = PBXFileReference; lastKnownFileType = wrapper.xcdatamodel; path = "Connect-iPhone.xcdatamodel"; sourceTree = "<group>"; };
		21B899E61D99BAAC002545FD /* HomeViewController.swift */ = {isa = PBXFileReference; fileEncoding = 4; lastKnownFileType = sourcecode.swift; path = HomeViewController.swift; sourceTree = "<group>"; };
		2565801981A337E7D2CC3C5F /* Pods-Connect-iPhoneTests.release.xcconfig */ = {isa = PBXFileReference; includeInIndex = 1; lastKnownFileType = text.xcconfig; name = "Pods-Connect-iPhoneTests.release.xcconfig"; path = "Pods/Target Support Files/Pods-Connect-iPhoneTests/Pods-Connect-iPhoneTests.release.xcconfig"; sourceTree = "<group>"; };
		77FEC80296AF8BE3997DC956 /* Pods_Connect_iPhoneTests.framework */ = {isa = PBXFileReference; explicitFileType = wrapper.framework; includeInIndex = 0; path = Pods_Connect_iPhoneTests.framework; sourceTree = BUILT_PRODUCTS_DIR; };
		9EE52289396578C35656C897 /* Pods_Connect_iPhone.framework */ = {isa = PBXFileReference; explicitFileType = wrapper.framework; includeInIndex = 0; path = Pods_Connect_iPhone.framework; sourceTree = BUILT_PRODUCTS_DIR; };
		C50BE5033DF26324966F94C6 /* Pods-Connect-iPhone.debug.xcconfig */ = {isa = PBXFileReference; includeInIndex = 1; lastKnownFileType = text.xcconfig; name = "Pods-Connect-iPhone.debug.xcconfig"; path = "Pods/Target Support Files/Pods-Connect-iPhone/Pods-Connect-iPhone.debug.xcconfig"; sourceTree = "<group>"; };
		CFD7BF9E0C698060D24A88F7 /* Pods-Connect-iPhone.release.xcconfig */ = {isa = PBXFileReference; includeInIndex = 1; lastKnownFileType = text.xcconfig; name = "Pods-Connect-iPhone.release.xcconfig"; path = "Pods/Target Support Files/Pods-Connect-iPhone/Pods-Connect-iPhone.release.xcconfig"; sourceTree = "<group>"; };
		D6AF9DEE8F9C6FEF1B39C0F7 /* Pods-Connect-iPhoneTests.debug.xcconfig */ = {isa = PBXFileReference; includeInIndex = 1; lastKnownFileType = text.xcconfig; name = "Pods-Connect-iPhoneTests.debug.xcconfig"; path = "Pods/Target Support Files/Pods-Connect-iPhoneTests/Pods-Connect-iPhoneTests.debug.xcconfig"; sourceTree = "<group>"; };
/* End PBXFileReference section */

/* Begin PBXFrameworksBuildPhase section */
		212ECFBE1D924C0C00DE702D /* Frameworks */ = {
			isa = PBXFrameworksBuildPhase;
			buildActionMask = 2147483647;
			files = (
				8670C7C69E7397438D15144C /* Pods_Connect_iPhone.framework in Frameworks */,
			);
			runOnlyForDeploymentPostprocessing = 0;
		};
		212ECFD51D924C0C00DE702D /* Frameworks */ = {
			isa = PBXFrameworksBuildPhase;
			buildActionMask = 2147483647;
			files = (
				AE5A956B583AB7A63A348938 /* Pods_Connect_iPhoneTests.framework in Frameworks */,
			);
			runOnlyForDeploymentPostprocessing = 0;
		};
/* End PBXFrameworksBuildPhase section */

/* Begin PBXGroup section */
		212ECFB81D924C0C00DE702D = {
			isa = PBXGroup;
			children = (
				212ECFC31D924C0C00DE702D /* Connect-iPhone */,
				212ECFDB1D924C0C00DE702D /* Connect-iPhoneTests */,
				212ECFC21D924C0C00DE702D /* Products */,
				555821B8D7D96B883E282886 /* Pods */,
				29290818DEBD6DED8B842BFD /* Frameworks */,
			);
			sourceTree = "<group>";
		};
		212ECFC21D924C0C00DE702D /* Products */ = {
			isa = PBXGroup;
			children = (
				212ECFC11D924C0C00DE702D /* Connect-iPhone.app */,
				212ECFD81D924C0C00DE702D /* Connect-iPhoneTests.xctest */,
			);
			name = Products;
			sourceTree = "<group>";
		};
		212ECFC31D924C0C00DE702D /* Connect-iPhone */ = {
			isa = PBXGroup;
			children = (
				2158B3621DD69323002D2210 /* SmartSign.swift */,
				212ECFC41D924C0C00DE702D /* AppDelegate.swift */,
				212ECFC81D924C0C00DE702D /* Main.storyboard */,
				212ECFCE1D924C0C00DE702D /* Assets.xcassets */,
				212ECFD01D924C0C00DE702D /* LaunchScreen.storyboard */,
				212ECFD31D924C0C00DE702D /* Info.plist */,
				21B899E61D99BAAC002545FD /* HomeViewController.swift */,
				218255281DC70080006C64B9 /* Connect-iPhone.xcdatamodeld */,
				217EB5CA1DD11E200021DE52 /* Phrase.swift */,
				2158B3DF1DDED171002D2210 /* ConversationTableViewCell.swift */,
				2158B3E11DDEFAD4002D2210 /* Message.swift */,
				214BE5261DE6CAFB00439726 /* SmartSignLabel.swift */,
				214BE5281DE7C79300439726 /* SmartSignMenuItem.swift */,
				214BE5361DEA412500439726 /* SmartSignViewController.swift */,
				214BE5381DEA45D500439726 /* SmartSignTableViewCell.swift */,
			);
			path = "Connect-iPhone";
			sourceTree = "<group>";
		};
		212ECFDB1D924C0C00DE702D /* Connect-iPhoneTests */ = {
			isa = PBXGroup;
			children = (
				212ECFDC1D924C0C00DE702D /* Connect_iPhoneTests.swift */,
				212ECFDE1D924C0C00DE702D /* Info.plist */,
			);
			path = "Connect-iPhoneTests";
			sourceTree = "<group>";
		};
		29290818DEBD6DED8B842BFD /* Frameworks */ = {
			isa = PBXGroup;
			children = (
				9EE52289396578C35656C897 /* Pods_Connect_iPhone.framework */,
				77FEC80296AF8BE3997DC956 /* Pods_Connect_iPhoneTests.framework */,
			);
			name = Frameworks;
			sourceTree = "<group>";
		};
		555821B8D7D96B883E282886 /* Pods */ = {
			isa = PBXGroup;
			children = (
				C50BE5033DF26324966F94C6 /* Pods-Connect-iPhone.debug.xcconfig */,
				CFD7BF9E0C698060D24A88F7 /* Pods-Connect-iPhone.release.xcconfig */,
				D6AF9DEE8F9C6FEF1B39C0F7 /* Pods-Connect-iPhoneTests.debug.xcconfig */,
				2565801981A337E7D2CC3C5F /* Pods-Connect-iPhoneTests.release.xcconfig */,
			);
			name = Pods;
			sourceTree = "<group>";
		};
/* End PBXGroup section */

/* Begin PBXNativeTarget section */
		212ECFC01D924C0C00DE702D /* Connect-iPhone */ = {
			isa = PBXNativeTarget;
			buildConfigurationList = 212ECFE11D924C0C00DE702D /* Build configuration list for PBXNativeTarget "Connect-iPhone" */;
			buildPhases = (
				426DA8B7AF973A0EC444F62A /* [CP] Check Pods Manifest.lock */,
				212ECFBD1D924C0C00DE702D /* Sources */,
				212ECFBE1D924C0C00DE702D /* Frameworks */,
				212ECFBF1D924C0C00DE702D /* Resources */,
				53721E4CC29D0B0F9966E65E /* [CP] Embed Pods Frameworks */,
				F472AD673FA66ECED5A7BC5C /* [CP] Copy Pods Resources */,
			);
			buildRules = (
			);
			dependencies = (
			);
			name = "Connect-iPhone";
			productName = "Connect-iPhone";
			productReference = 212ECFC11D924C0C00DE702D /* Connect-iPhone.app */;
			productType = "com.apple.product-type.application";
		};
		212ECFD71D924C0C00DE702D /* Connect-iPhoneTests */ = {
			isa = PBXNativeTarget;
			buildConfigurationList = 212ECFE41D924C0C00DE702D /* Build configuration list for PBXNativeTarget "Connect-iPhoneTests" */;
			buildPhases = (
				E558A8E6EB979CA95238FD51 /* [CP] Check Pods Manifest.lock */,
				212ECFD41D924C0C00DE702D /* Sources */,
				212ECFD51D924C0C00DE702D /* Frameworks */,
				212ECFD61D924C0C00DE702D /* Resources */,
				AA779921E12088ABB3CF3CF1 /* [CP] Embed Pods Frameworks */,
				5B7A8BB9FC2829442111707F /* [CP] Copy Pods Resources */,
			);
			buildRules = (
			);
			dependencies = (
				212ECFDA1D924C0C00DE702D /* PBXTargetDependency */,
			);
			name = "Connect-iPhoneTests";
			productName = "Connect-iPhoneTests";
			productReference = 212ECFD81D924C0C00DE702D /* Connect-iPhoneTests.xctest */;
			productType = "com.apple.product-type.bundle.unit-test";
		};
/* End PBXNativeTarget section */

/* Begin PBXProject section */
		212ECFB91D924C0C00DE702D /* Project object */ = {
			isa = PBXProject;
			attributes = {
				LastSwiftUpdateCheck = 0730;
				LastUpgradeCheck = 0810;
				ORGANIZATIONNAME = FiveBox;
				TargetAttributes = {
					212ECFC01D924C0C00DE702D = {
						CreatedOnToolsVersion = 7.3.1;
						DevelopmentTeam = 5BFTDN6R4X;
						LastSwiftMigration = 0800;
						ProvisioningStyle = Automatic;
					};
					212ECFD71D924C0C00DE702D = {
						CreatedOnToolsVersion = 7.3.1;
						LastSwiftMigration = 0800;
						TestTargetID = 212ECFC01D924C0C00DE702D;
					};
				};
			};
			buildConfigurationList = 212ECFBC1D924C0C00DE702D /* Build configuration list for PBXProject "Connect-iPhone" */;
			compatibilityVersion = "Xcode 3.2";
			developmentRegion = English;
			hasScannedForEncodings = 0;
			knownRegions = (
				en,
				Base,
			);
			mainGroup = 212ECFB81D924C0C00DE702D;
			productRefGroup = 212ECFC21D924C0C00DE702D /* Products */;
			projectDirPath = "";
			projectRoot = "";
			targets = (
				212ECFC01D924C0C00DE702D /* Connect-iPhone */,
				212ECFD71D924C0C00DE702D /* Connect-iPhoneTests */,
			);
		};
/* End PBXProject section */

/* Begin PBXResourcesBuildPhase section */
		212ECFBF1D924C0C00DE702D /* Resources */ = {
			isa = PBXResourcesBuildPhase;
			buildActionMask = 2147483647;
			files = (
				212ECFD21D924C0C00DE702D /* LaunchScreen.storyboard in Resources */,
				212ECFCF1D924C0C00DE702D /* Assets.xcassets in Resources */,
				212ECFCA1D924C0C00DE702D /* Main.storyboard in Resources */,
			);
			runOnlyForDeploymentPostprocessing = 0;
		};
		212ECFD61D924C0C00DE702D /* Resources */ = {
			isa = PBXResourcesBuildPhase;
			buildActionMask = 2147483647;
			files = (
			);
			runOnlyForDeploymentPostprocessing = 0;
		};
/* End PBXResourcesBuildPhase section */

/* Begin PBXShellScriptBuildPhase section */
		426DA8B7AF973A0EC444F62A /* [CP] Check Pods Manifest.lock */ = {
			isa = PBXShellScriptBuildPhase;
			buildActionMask = 2147483647;
			files = (
			);
			inputPaths = (
			);
			name = "[CP] Check Pods Manifest.lock";
			outputPaths = (
			);
			runOnlyForDeploymentPostprocessing = 0;
			shellPath = /bin/sh;
			shellScript = "diff \"${PODS_ROOT}/../Podfile.lock\" \"${PODS_ROOT}/Manifest.lock\" > /dev/null\nif [ $? != 0 ] ; then\n    # print error to STDERR\n    echo \"error: The sandbox is not in sync with the Podfile.lock. Run 'pod install' or update your CocoaPods installation.\" >&2\n    exit 1\nfi\n";
			showEnvVarsInLog = 0;
		};
		53721E4CC29D0B0F9966E65E /* [CP] Embed Pods Frameworks */ = {
			isa = PBXShellScriptBuildPhase;
			buildActionMask = 2147483647;
			files = (
			);
			inputPaths = (
			);
			name = "[CP] Embed Pods Frameworks";
			outputPaths = (
			);
			runOnlyForDeploymentPostprocessing = 0;
			shellPath = /bin/sh;
			shellScript = "\"${SRCROOT}/Pods/Target Support Files/Pods-Connect-iPhone/Pods-Connect-iPhone-frameworks.sh\"\n";
			showEnvVarsInLog = 0;
		};
		5B7A8BB9FC2829442111707F /* [CP] Copy Pods Resources */ = {
			isa = PBXShellScriptBuildPhase;
			buildActionMask = 2147483647;
			files = (
			);
			inputPaths = (
			);
			name = "[CP] Copy Pods Resources";
			outputPaths = (
			);
			runOnlyForDeploymentPostprocessing = 0;
			shellPath = /bin/sh;
			shellScript = "\"${SRCROOT}/Pods/Target Support Files/Pods-Connect-iPhoneTests/Pods-Connect-iPhoneTests-resources.sh\"\n";
			showEnvVarsInLog = 0;
		};
		AA779921E12088ABB3CF3CF1 /* [CP] Embed Pods Frameworks */ = {
			isa = PBXShellScriptBuildPhase;
			buildActionMask = 2147483647;
			files = (
			);
			inputPaths = (
			);
			name = "[CP] Embed Pods Frameworks";
			outputPaths = (
			);
			runOnlyForDeploymentPostprocessing = 0;
			shellPath = /bin/sh;
			shellScript = "\"${SRCROOT}/Pods/Target Support Files/Pods-Connect-iPhoneTests/Pods-Connect-iPhoneTests-frameworks.sh\"\n";
			showEnvVarsInLog = 0;
		};
		E558A8E6EB979CA95238FD51 /* [CP] Check Pods Manifest.lock */ = {
			isa = PBXShellScriptBuildPhase;
			buildActionMask = 2147483647;
			files = (
			);
			inputPaths = (
			);
			name = "[CP] Check Pods Manifest.lock";
			outputPaths = (
			);
			runOnlyForDeploymentPostprocessing = 0;
			shellPath = /bin/sh;
			shellScript = "diff \"${PODS_ROOT}/../Podfile.lock\" \"${PODS_ROOT}/Manifest.lock\" > /dev/null\nif [ $? != 0 ] ; then\n    # print error to STDERR\n    echo \"error: The sandbox is not in sync with the Podfile.lock. Run 'pod install' or update your CocoaPods installation.\" >&2\n    exit 1\nfi\n";
			showEnvVarsInLog = 0;
		};
		F472AD673FA66ECED5A7BC5C /* [CP] Copy Pods Resources */ = {
			isa = PBXShellScriptBuildPhase;
			buildActionMask = 2147483647;
			files = (
			);
			inputPaths = (
			);
			name = "[CP] Copy Pods Resources";
			outputPaths = (
			);
			runOnlyForDeploymentPostprocessing = 0;
			shellPath = /bin/sh;
			shellScript = "\"${SRCROOT}/Pods/Target Support Files/Pods-Connect-iPhone/Pods-Connect-iPhone-resources.sh\"\n";
			showEnvVarsInLog = 0;
		};
/* End PBXShellScriptBuildPhase section */

/* Begin PBXSourcesBuildPhase section */
		212ECFBD1D924C0C00DE702D /* Sources */ = {
			isa = PBXSourcesBuildPhase;
			buildActionMask = 2147483647;
			files = (
				214BE5371DEA412500439726 /* SmartSignViewController.swift in Sources */,
				2182552A1DC70080006C64B9 /* Connect-iPhone.xcdatamodeld in Sources */,
				214BE5271DE6CAFB00439726 /* SmartSignLabel.swift in Sources */,
				212ECFC51D924C0C00DE702D /* AppDelegate.swift in Sources */,
				2158B3E01DDED171002D2210 /* ConversationTableViewCell.swift in Sources */,
				2158B3631DD69323002D2210 /* SmartSign.swift in Sources */,
				214BE5391DEA45D500439726 /* SmartSignTableViewCell.swift in Sources */,
				217EB5CB1DD11E200021DE52 /* Phrase.swift in Sources */,
				21B899E71D99BAAC002545FD /* HomeViewController.swift in Sources */,
				214BE5291DE7C79300439726 /* SmartSignMenuItem.swift in Sources */,
				2158B3E21DDEFAD4002D2210 /* Message.swift in Sources */,
			);
			runOnlyForDeploymentPostprocessing = 0;
		};
		212ECFD41D924C0C00DE702D /* Sources */ = {
			isa = PBXSourcesBuildPhase;
			buildActionMask = 2147483647;
			files = (
				212ECFDD1D924C0C00DE702D /* Connect_iPhoneTests.swift in Sources */,
			);
			runOnlyForDeploymentPostprocessing = 0;
		};
/* End PBXSourcesBuildPhase section */

/* Begin PBXTargetDependency section */
		212ECFDA1D924C0C00DE702D /* PBXTargetDependency */ = {
			isa = PBXTargetDependency;
			target = 212ECFC01D924C0C00DE702D /* Connect-iPhone */;
			targetProxy = 212ECFD91D924C0C00DE702D /* PBXContainerItemProxy */;
		};
/* End PBXTargetDependency section */

/* Begin PBXVariantGroup section */
		212ECFC81D924C0C00DE702D /* Main.storyboard */ = {
			isa = PBXVariantGroup;
			children = (
				212ECFC91D924C0C00DE702D /* Base */,
			);
			name = Main.storyboard;
			sourceTree = "<group>";
		};
		212ECFD01D924C0C00DE702D /* LaunchScreen.storyboard */ = {
			isa = PBXVariantGroup;
			children = (
				212ECFD11D924C0C00DE702D /* Base */,
			);
			name = LaunchScreen.storyboard;
			sourceTree = "<group>";
		};
/* End PBXVariantGroup section */

/* Begin XCBuildConfiguration section */
		212ECFDF1D924C0C00DE702D /* Debug */ = {
			isa = XCBuildConfiguration;
			buildSettings = {
				ALWAYS_SEARCH_USER_PATHS = NO;
				CLANG_ANALYZER_NONNULL = YES;
				CLANG_CXX_LANGUAGE_STANDARD = "gnu++0x";
				CLANG_CXX_LIBRARY = "libc++";
				CLANG_ENABLE_MODULES = YES;
				CLANG_ENABLE_OBJC_ARC = YES;
				CLANG_WARN_BOOL_CONVERSION = YES;
				CLANG_WARN_CONSTANT_CONVERSION = YES;
				CLANG_WARN_DIRECT_OBJC_ISA_USAGE = YES_ERROR;
				CLANG_WARN_EMPTY_BODY = YES;
				CLANG_WARN_ENUM_CONVERSION = YES;
				CLANG_WARN_INFINITE_RECURSION = YES;
				CLANG_WARN_INT_CONVERSION = YES;
				CLANG_WARN_OBJC_ROOT_CLASS = YES_ERROR;
				CLANG_WARN_SUSPICIOUS_MOVE = YES;
				CLANG_WARN_UNREACHABLE_CODE = YES;
				CLANG_WARN__DUPLICATE_METHOD_MATCH = YES;
				"CODE_SIGN_IDENTITY[sdk=iphoneos*]" = "iPhone Developer";
				COPY_PHASE_STRIP = NO;
				DEBUG_INFORMATION_FORMAT = dwarf;
				ENABLE_STRICT_OBJC_MSGSEND = YES;
				ENABLE_TESTABILITY = YES;
				GCC_C_LANGUAGE_STANDARD = gnu99;
				GCC_DYNAMIC_NO_PIC = NO;
				GCC_NO_COMMON_BLOCKS = YES;
				GCC_OPTIMIZATION_LEVEL = 0;
				GCC_PREPROCESSOR_DEFINITIONS = (
					"DEBUG=1",
					"$(inherited)",
				);
				GCC_WARN_64_TO_32_BIT_CONVERSION = YES;
				GCC_WARN_ABOUT_RETURN_TYPE = YES_ERROR;
				GCC_WARN_UNDECLARED_SELECTOR = YES;
				GCC_WARN_UNINITIALIZED_AUTOS = YES_AGGRESSIVE;
				GCC_WARN_UNUSED_FUNCTION = YES;
				GCC_WARN_UNUSED_VARIABLE = YES;
				IPHONEOS_DEPLOYMENT_TARGET = 10.0;
				MTL_ENABLE_DEBUG_INFO = YES;
				ONLY_ACTIVE_ARCH = YES;
				SDKROOT = iphoneos;
				SWIFT_OPTIMIZATION_LEVEL = "-Onone";
				TARGETED_DEVICE_FAMILY = "1,2";
			};
			name = Debug;
		};
		212ECFE01D924C0C00DE702D /* Release */ = {
			isa = XCBuildConfiguration;
			buildSettings = {
				ALWAYS_SEARCH_USER_PATHS = NO;
				CLANG_ANALYZER_NONNULL = YES;
				CLANG_CXX_LANGUAGE_STANDARD = "gnu++0x";
				CLANG_CXX_LIBRARY = "libc++";
				CLANG_ENABLE_MODULES = YES;
				CLANG_ENABLE_OBJC_ARC = YES;
				CLANG_WARN_BOOL_CONVERSION = YES;
				CLANG_WARN_CONSTANT_CONVERSION = YES;
				CLANG_WARN_DIRECT_OBJC_ISA_USAGE = YES_ERROR;
				CLANG_WARN_EMPTY_BODY = YES;
				CLANG_WARN_ENUM_CONVERSION = YES;
				CLANG_WARN_INFINITE_RECURSION = YES;
				CLANG_WARN_INT_CONVERSION = YES;
				CLANG_WARN_OBJC_ROOT_CLASS = YES_ERROR;
				CLANG_WARN_SUSPICIOUS_MOVE = YES;
				CLANG_WARN_UNREACHABLE_CODE = YES;
				CLANG_WARN__DUPLICATE_METHOD_MATCH = YES;
				"CODE_SIGN_IDENTITY[sdk=iphoneos*]" = "iPhone Developer";
				COPY_PHASE_STRIP = NO;
				DEBUG_INFORMATION_FORMAT = "dwarf-with-dsym";
				ENABLE_NS_ASSERTIONS = NO;
				ENABLE_STRICT_OBJC_MSGSEND = YES;
				GCC_C_LANGUAGE_STANDARD = gnu99;
				GCC_NO_COMMON_BLOCKS = YES;
				GCC_WARN_64_TO_32_BIT_CONVERSION = YES;
				GCC_WARN_ABOUT_RETURN_TYPE = YES_ERROR;
				GCC_WARN_UNDECLARED_SELECTOR = YES;
				GCC_WARN_UNINITIALIZED_AUTOS = YES_AGGRESSIVE;
				GCC_WARN_UNUSED_FUNCTION = YES;
				GCC_WARN_UNUSED_VARIABLE = YES;
				IPHONEOS_DEPLOYMENT_TARGET = 10.0;
				MTL_ENABLE_DEBUG_INFO = NO;
				SDKROOT = iphoneos;
				SWIFT_OPTIMIZATION_LEVEL = "-Owholemodule";
				TARGETED_DEVICE_FAMILY = "1,2";
				VALIDATE_PRODUCT = YES;
			};
			name = Release;
		};
		212ECFE21D924C0C00DE702D /* Debug */ = {
			isa = XCBuildConfiguration;
			baseConfigurationReference = C50BE5033DF26324966F94C6 /* Pods-Connect-iPhone.debug.xcconfig */;
			buildSettings = {
				ALWAYS_EMBED_SWIFT_STANDARD_LIBRARIES = YES;
				ASSETCATALOG_COMPILER_APPICON_NAME = AppIcon;
				"CODE_SIGN_IDENTITY[sdk=iphoneos*]" = "iPhone Developer";
				DEVELOPMENT_TEAM = 5BFTDN6R4X;
				INFOPLIST_FILE = "Connect-iPhone/Info.plist";
				IPHONEOS_DEPLOYMENT_TARGET = 10.0;
				LD_RUNPATH_SEARCH_PATHS = "$(inherited) @executable_path/Frameworks";
				PRODUCT_BUNDLE_IDENTIFIER = "com.whyHammoud.Connect-iPhone";
				PRODUCT_NAME = "$(TARGET_NAME)";
				SWIFT_OPTIMIZATION_LEVEL = "-Onone";
				SWIFT_VERSION = 3.0;
			};
			name = Debug;
		};
		212ECFE31D924C0C00DE702D /* Release */ = {
			isa = XCBuildConfiguration;
			baseConfigurationReference = CFD7BF9E0C698060D24A88F7 /* Pods-Connect-iPhone.release.xcconfig */;
			buildSettings = {
				ALWAYS_EMBED_SWIFT_STANDARD_LIBRARIES = YES;
				ASSETCATALOG_COMPILER_APPICON_NAME = AppIcon;
				"CODE_SIGN_IDENTITY[sdk=iphoneos*]" = "iPhone Developer";
				DEVELOPMENT_TEAM = 5BFTDN6R4X;
				INFOPLIST_FILE = "Connect-iPhone/Info.plist";
				IPHONEOS_DEPLOYMENT_TARGET = 10.0;
				LD_RUNPATH_SEARCH_PATHS = "$(inherited) @executable_path/Frameworks";
				PRODUCT_BUNDLE_IDENTIFIER = "com.whyHammoud.Connect-iPhone";
				PRODUCT_NAME = "$(TARGET_NAME)";
				SWIFT_OPTIMIZATION_LEVEL = "-Owholemodule";
				SWIFT_VERSION = 3.0;
			};
			name = Release;
		};
		212ECFE51D924C0C00DE702D /* Debug */ = {
			isa = XCBuildConfiguration;
			baseConfigurationReference = D6AF9DEE8F9C6FEF1B39C0F7 /* Pods-Connect-iPhoneTests.debug.xcconfig */;
			buildSettings = {
				BUNDLE_LOADER = "$(TEST_HOST)";
				INFOPLIST_FILE = "Connect-iPhoneTests/Info.plist";
				LD_RUNPATH_SEARCH_PATHS = "$(inherited) @executable_path/Frameworks @loader_path/Frameworks";
				PRODUCT_BUNDLE_IDENTIFIER = "com.example.FiveBox.Connect-iPhoneTests";
				PRODUCT_NAME = "$(TARGET_NAME)";
				SWIFT_VERSION = 3.0;
				TEST_HOST = "$(BUILT_PRODUCTS_DIR)/Connect-iPhone.app/Connect-iPhone";
			};
			name = Debug;
		};
		212ECFE61D924C0C00DE702D /* Release */ = {
			isa = XCBuildConfiguration;
			baseConfigurationReference = 2565801981A337E7D2CC3C5F /* Pods-Connect-iPhoneTests.release.xcconfig */;
			buildSettings = {
				BUNDLE_LOADER = "$(TEST_HOST)";
				INFOPLIST_FILE = "Connect-iPhoneTests/Info.plist";
				LD_RUNPATH_SEARCH_PATHS = "$(inherited) @executable_path/Frameworks @loader_path/Frameworks";
				PRODUCT_BUNDLE_IDENTIFIER = "com.example.FiveBox.Connect-iPhoneTests";
				PRODUCT_NAME = "$(TARGET_NAME)";
				SWIFT_VERSION = 3.0;
				TEST_HOST = "$(BUILT_PRODUCTS_DIR)/Connect-iPhone.app/Connect-iPhone";
			};
			name = Release;
		};
/* End XCBuildConfiguration section */

/* Begin XCConfigurationList section */
		212ECFBC1D924C0C00DE702D /* Build configuration list for PBXProject "Connect-iPhone" */ = {
			isa = XCConfigurationList;
			buildConfigurations = (
				212ECFDF1D924C0C00DE702D /* Debug */,
				212ECFE01D924C0C00DE702D /* Release */,
			);
			defaultConfigurationIsVisible = 0;
			defaultConfigurationName = Release;
		};
		212ECFE11D924C0C00DE702D /* Build configuration list for PBXNativeTarget "Connect-iPhone" */ = {
			isa = XCConfigurationList;
			buildConfigurations = (
				212ECFE21D924C0C00DE702D /* Debug */,
				212ECFE31D924C0C00DE702D /* Release */,
			);
			defaultConfigurationIsVisible = 0;
			defaultConfigurationName = Release;
		};
		212ECFE41D924C0C00DE702D /* Build configuration list for PBXNativeTarget "Connect-iPhoneTests" */ = {
			isa = XCConfigurationList;
			buildConfigurations = (
				212ECFE51D924C0C00DE702D /* Debug */,
				212ECFE61D924C0C00DE702D /* Release */,
			);
			defaultConfigurationIsVisible = 0;
			defaultConfigurationName = Release;
		};
/* End XCConfigurationList section */

/* Begin XCVersionGroup section */
		218255281DC70080006C64B9 /* Connect-iPhone.xcdatamodeld */ = {
			isa = XCVersionGroup;
			children = (
				218255291DC70080006C64B9 /* Connect-iPhone.xcdatamodel */,
			);
			currentVersion = 218255291DC70080006C64B9 /* Connect-iPhone.xcdatamodel */;
			path = "Connect-iPhone.xcdatamodeld";
			sourceTree = "<group>";
			versionGroupType = wrapper.xcdatamodel;
		};
/* End XCVersionGroup section */
	};
	rootObject = 212ECFB91D924C0C00DE702D /* Project object */;
}
